
Microsoft Visual Studio Solution File, Format Version 12.00
# Visual Studio Version 16
VisualStudioVersion = 16.0.30413.136
MinimumVisualStudioVersion = 10.0.40219.1
Project("{FAE04EC0-301F-11D3-BF4B-00C04F79EFBC}") = "Zmeijka", "Zmeijka\Zmeijka.csproj", "{F718ED5D-C74D-4DB0-8D25-020B4839FAC7}"
EndProject
Global
	GlobalSection(SolutionConfigurationPlatforms) = preSolution
		Debug|Any CPU = Debug|Any CPU
		Release|Any CPU = Release|Any CPU
	EndGlobalSection
	GlobalSection(ProjectConfigurationPlatforms) = postSolution
		{F718ED5D-C74D-4DB0-8D25-020B4839FAC7}.Debug|Any CPU.ActiveCfg = Debug|Any CPU
		{F718ED5D-C74D-4DB0-8D25-020B4839FAC7}.Debug|Any CPU.Build.0 = Debug|Any CPU
		{F718ED5D-C74D-4DB0-8D25-020B4839FAC7}.Release|Any CPU.ActiveCfg = Release|Any CPU
		{F718ED5D-C74D-4DB0-8D25-020B4839FAC7}.Release|Any CPU.Build.0 = Release|Any CPU
	EndGlobalSection
	GlobalSection(SolutionProperties) = preSolution
		HideSolutionNode = FALSE
	EndGlobalSection
	GlobalSection(ExtensibilityGlobals) = postSolution
		SolutionGuid = {00D40D83-1883-4F26-BCD8-33509FCC478E}
	EndGlobalSection
EndGlobal
